// !$*UTF8*$!
{
	archiveVersion = 1;
	classes = {
	};
	objectVersion = 48;
	objects = {

/* Begin PBXBuildFile section */
		46E565D81FE9D25800FC6C03 /* QuestionProvider .swift in Sources */ = {isa = PBXBuildFile; fileRef = 46E565D71FE9D25800FC6C03 /* QuestionProvider .swift */; };
		46F223BD1FE9966000EF83AB /* AppDelegate.swift in Sources */ = {isa = PBXBuildFile; fileRef = 46F223BC1FE9966000EF83AB /* AppDelegate.swift */; };
		46F223BF1FE9966000EF83AB /* ViewController.swift in Sources */ = {isa = PBXBuildFile; fileRef = 46F223BE1FE9966000EF83AB /* ViewController.swift */; };
		46F223C21FE9966000EF83AB /* Main.storyboard in Resources */ = {isa = PBXBuildFile; fileRef = 46F223C01FE9966000EF83AB /* Main.storyboard */; };
		46F223C41FE9966000EF83AB /* Assets.xcassets in Resources */ = {isa = PBXBuildFile; fileRef = 46F223C31FE9966000EF83AB /* Assets.xcassets */; };
		46F223C71FE9966000EF83AB /* LaunchScreen.storyboard in Resources */ = {isa = PBXBuildFile; fileRef = 46F223C51FE9966000EF83AB /* LaunchScreen.storyboard */; };
/* End PBXBuildFile section */

/* Begin PBXFileReference section */
		46E565D71FE9D25800FC6C03 /* QuestionProvider .swift */ = {isa = PBXFileReference; lastKnownFileType = sourcecode.swift; path = "QuestionProvider .swift"; sourceTree = "<group>"; };
		46F223B91FE9966000EF83AB /* unit2remake.app */ = {isa = PBXFileReference; explicitFileType = wrapper.application; includeInIndex = 0; path = unit2remake.app; sourceTree = BUILT_PRODUCTS_DIR; };
		46F223BC1FE9966000EF83AB /* AppDelegate.swift */ = {isa = PBXFileReference; lastKnownFileType = sourcecode.swift; path = AppDelegate.swift; sourceTree = "<group>"; };
		46F223BE1FE9966000EF83AB /* ViewController.swift */ = {isa = PBXFileReference; lastKnownFileType = sourcecode.swift; path = ViewController.swift; sourceTree = "<group>"; };
		46F223C11FE9966000EF83AB /* Base */ = {isa = PBXFileReference; lastKnownFileType = file.storyboard; name = Base; path = Base.lproj/Main.storyboard; sourceTree = "<group>"; };
		46F223C31FE9966000EF83AB /* Assets.xcassets */ = {isa = PBXFileReference; lastKnownFileType = folder.assetcatalog; path = Assets.xcassets; sourceTree = "<group>"; };
		46F223C61FE9966000EF83AB /* Base */ = {isa = PBXFileReference; lastKnownFileType = file.storyboard; name = Base; path = Base.lproj/LaunchScreen.storyboard; sourceTree = "<group>"; };
		46F223C81FE9966000EF83AB /* Info.plist */ = {isa = PBXFileReference; lastKnownFileType = text.plist.xml; path = Info.plist; sourceTree = "<group>"; };
/* End PBXFileReference section */

/* Begin PBXFrameworksBuildPhase section */
		46F223B61FE9966000EF83AB /* Frameworks */ = {
			isa = PBXFrameworksBuildPhase;
			buildActionMask = 2147483647;
			files = (
			);
			runOnlyForDeploymentPostprocessing = 0;
		};
/* End PBXFrameworksBuildPhase section */

/* Begin PBXGroup section */
		46F223B01FE9966000EF83AB = {
			isa = PBXGroup;
			children = (
				46F223BB1FE9966000EF83AB /* unit2remake */,
				46F223BA1FE9966000EF83AB /* Products */,
			);
			sourceTree = "<group>";
		};
		46F223BA1FE9966000EF83AB /* Products */ = {
			isa = PBXGroup;
			children = (
				46F223B91FE9966000EF83AB /* unit2remake.app */,
			);
			name = Products;
			sourceTree = "<group>";
		};
		46F223BB1FE9966000EF83AB /* unit2remake */ = {
			isa = PBXGroup;
			children = (
				46F223BC1FE9966000EF83AB /* AppDelegate.swift */,
				46F223BE1FE9966000EF83AB /* ViewController.swift */,
				46E565D71FE9D25800FC6C03 /* QuestionProvider .swift */,
				46F223C01FE9966000EF83AB /* Main.storyboard */,
				46F223C31FE9966000EF83AB /* Assets.xcassets */,
				46F223C51FE9966000EF83AB /* LaunchScreen.storyboard */,
				46F223C81FE9966000EF83AB /* Info.plist */,
			);
			path = unit2remake;
			sourceTree = "<group>";
		};
/* End PBXGroup section */

/* Begin PBXNativeTarget section */
		46F223B81FE9966000EF83AB /* unit2remake */ = {
			isa = PBXNativeTarget;
			buildConfigurationList = 46F223CB1FE9966000EF83AB /* Build configuration list for PBXNativeTarget "unit2remake" */;
			buildPhases = (
				46F223B51FE9966000EF83AB /* Sources */,
				46F223B61FE9966000EF83AB /* Frameworks */,
				46F223B71FE9966000EF83AB /* Resources */,
			);
			buildRules = (
			);
			dependencies = (
			);
			name = unit2remake;
			productName = unit2remake;
			productReference = 46F223B91FE9966000EF83AB /* unit2remake.app */;
			productType = "com.apple.product-type.application";
		};
/* End PBXNativeTarget section */

/* Begin PBXProject section */
		46F223B11FE9966000EF83AB /* Project object */ = {
			isa = PBXProject;
			attributes = {
				LastSwiftUpdateCheck = 0910;
				LastUpgradeCheck = 0910;
				ORGANIZATIONNAME = DrobEnterprises;
				TargetAttributes = {
					46F223B81FE9966000EF83AB = {
						CreatedOnToolsVersion = 9.1;
						ProvisioningStyle = Automatic;
					};
				};
			};
			buildConfigurationList = 46F223B41FE9966000EF83AB /* Build configuration list for PBXProject "unit2remake" */;
			compatibilityVersion = "Xcode 8.0";
			developmentRegion = en;
			hasScannedForEncodings = 0;
			knownRegions = (
				en,
				Base,
			);
			mainGroup = 46F223B01FE9966000EF83AB;
			productRefGroup = 46F223BA1FE9966000EF83AB /* Products */;
			projectDirPath = "";
			projectRoot = "";
			targets = (
				46F223B81FE9966000EF83AB /* unit2remake */,
			);
		};
/* End PBXProject section */

/* Begin PBXResourcesBuildPhase section */
		46F223B71FE9966000EF83AB /* Resources */ = {
			isa = PBXResourcesBuildPhase;
			buildActionMask = 2147483647;
			files = (
				46F223C71FE9966000EF83AB /* LaunchScreen.storyboard in Resources */,
				46F223C41FE9966000EF83AB /* Assets.xcassets in Resources */,
				46F223C21FE9966000EF83AB /* Main.storyboard in Resources */,
			);
			runOnlyForDeploymentPostprocessing = 0;
		};
/* End PBXResourcesBuildPhase section */

/* Begin PBXSourcesBuildPhase section */
		46F223B51FE9966000EF83AB /* Sources */ = {
			isa = PBXSourcesBuildPhase;
			buildActionMask = 2147483647;
			files = (
				46F223BF1FE9966000EF83AB /* ViewController.swift in Sources */,
				46E565D81FE9D25800FC6C03 /* QuestionProvider .swift in Sources */,
				46F223BD1FE9966000EF83AB /* AppDelegate.swift in Sources */,
			);
			runOnlyForDeploymentPostprocessing = 0;
		};
/* End PBXSourcesBuildPhase section */

/* Begin PBXVariantGroup section */
		46F223C01FE9966000EF83AB /* Main.storyboard */ = {
			isa = PBXVariantGroup;
			children = (
				46F223C11FE9966000EF83AB /* Base */,
			);
			name = Main.storyboard;
			sourceTree = "<group>";
		};
		46F223C51FE9966000EF83AB /* LaunchScreen.storyboard */ = {
			isa = PBXVariantGroup;
			children = (
				46F223C61FE9966000EF83AB /* Base */,
			);
			name = LaunchScreen.storyboard;
			sourceTree = "<group>";
		};
/* End PBXVariantGroup section */

/* Begin XCBuildConfiguration section */
		46F223C91FE9966000EF83AB /* Debug */ = {
			isa = XCBuildConfiguration;
			buildSettings = {
				ALWAYS_SEARCH_USER_PATHS = NO;
				CLANG_ANALYZER_NONNULL = YES;
				CLANG_ANALYZER_NUMBER_OBJECT_CONVERSION = YES_AGGRESSIVE;
				CLANG_CXX_LANGUAGE_STANDARD = "gnu++14";
				CLANG_CXX_LIBRARY = "libc++";
				CLANG_ENABLE_MODULES = YES;
				CLANG_ENABLE_OBJC_ARC = YES;
				CLANG_WARN_BLOCK_CAPTURE_AUTORELEASING = YES;
				CLANG_WARN_BOOL_CONVERSION = YES;
				CLANG_WARN_COMMA = YES;
				CLANG_WARN_CONSTANT_CONVERSION = YES;
				CLANG_WARN_DIRECT_OBJC_ISA_USAGE = YES_ERROR;
				CLANG_WARN_DOCUMENTATION_COMMENTS = YES;
				CLANG_WARN_EMPTY_BODY = YES;
				CLANG_WARN_ENUM_CONVERSION = YES;
				CLANG_WARN_INFINITE_RECURSION = YES;
				CLANG_WARN_INT_CONVERSION = YES;
				CLANG_WARN_NON_LITERAL_NULL_CONVERSION = YES;
				CLANG_WARN_OBJC_LITERAL_CONVERSION = YES;
				CLANG_WARN_OBJC_ROOT_CLASS = YES_ERROR;
				CLANG_WARN_RANGE_LOOP_ANALYSIS = YES;
				CLANG_WARN_STRICT_PROTOTYPES = YES;
				CLANG_WARN_SUSPICIOUS_MOVE = YES;
				CLANG_WARN_UNGUARDED_AVAILABILITY = YES_AGGRESSIVE;
				CLANG_WARN_UNREACHABLE_CODE = YES;
				CLANG_WARN__DUPLICATE_METHOD_MATCH = YES;
				CODE_SIGN_IDENTITY = "iPhone Developer";
				COPY_PHASE_STRIP = NO;
				DEBUG_INFORMATION_FORMAT = dwarf;
				ENABLE_STRICT_OBJC_MSGSEND = YES;
				ENABLE_TESTABILITY = YES;
				GCC_C_LANGUAGE_STANDARD = gnu11;
				GCC_DYNAMIC_NO_PIC = NO;
				GCC_NO_COMMON_BLOCKS = YES;
				GCC_OPTIMIZATION_LEVEL = 0;
				GCC_PREPROCESSOR_DEFINITIONS = (
					"DEBUG=1",
					"$(inherited)",
				);
				GCC_WARN_64_TO_32_BIT_CONVERSION = YES;
				GCC_WARN_ABOUT_RETURN_TYPE = YES_ERROR;
				GCC_WARN_UNDECLARED_SELECTOR = YES;
				GCC_WARN_UNINITIALIZED_AUTOS = YES_AGGRESSIVE;
				GCC_WARN_UNUSED_FUNCTION = YES;
				GCC_WARN_UNUSED_VARIABLE = YES;
				IPHONEOS_DEPLOYMENT_TARGET = 11.1;
				MTL_ENABLE_DEBUG_INFO = YES;
				ONLY_ACTIVE_ARCH = YES;
				SDKROOT = iphoneos;
				SWIFT_ACTIVE_COMPILATION_CONDITIONS = DEBUG;
				SWIFT_OPTIMIZATION_LEVEL = "-Onone";
			};
			name = Debug;
		};
		46F223CA1FE9966000EF83AB /* Release */ = {
			isa = XCBuildConfiguration;
			buildSettings = {
				ALWAYS_SEARCH_USER_PATHS = NO;
				CLANG_ANALYZER_NONNULL = YES;
				CLANG_ANALYZER_NUMBER_OBJECT_CONVERSION = YES_AGGRESSIVE;
				CLANG_CXX_LANGUAGE_STANDARD = "gnu++14";
				CLANG_CXX_LIBRARY = "libc++";
				CLANG_ENABLE_MODULES = YES;
				CLANG_ENABLE_OBJC_ARC = YES;
				CLANG_WARN_BLOCK_CAPTURE_AUTORELEASING = YES;
				CLANG_WARN_BOOL_CONVERSION = YES;
				CLANG_WARN_COMMA = YES;
				CLANG_WARN_CONSTANT_CONVERSION = YES;
				CLANG_WARN_DIRECT_OBJC_ISA_USAGE = YES_ERROR;
				CLANG_WARN_DOCUMENTATION_COMMENTS = YES;
				CLANG_WARN_EMPTY_BODY = YES;
				CLANG_WARN_ENUM_CONVERSION = YES;
				CLANG_WARN_INFINITE_RECURSION = YES;
				CLANG_WARN_INT_CONVERSION = YES;
				CLANG_WARN_NON_LITERAL_NULL_CONVERSION = YES;
				CLANG_WARN_OBJC_LITERAL_CONVERSION = YES;
				CLANG_WARN_OBJC_ROOT_CLASS = YES_ERROR;
				CLANG_WARN_RANGE_LOOP_ANALYSIS = YES;
				CLANG_WARN_STRICT_PROTOTYPES = YES;
				CLANG_WARN_SUSPICIOUS_MOVE = YES;
				CLANG_WARN_UNGUARDED_AVAILABILITY = YES_AGGRESSIVE;
				CLANG_WARN_UNREACHABLE_CODE = YES;
				CLANG_WARN__DUPLICATE_METHOD_MATCH = YES;
				CODE_SIGN_IDENTITY = "iPhone Developer";
				COPY_PHASE_STRIP = NO;
				DEBUG_INFORMATION_FORMAT = "dwarf-with-dsym";
				ENABLE_NS_ASSERTIONS = NO;
				ENABLE_STRICT_OBJC_MSGSEND = YES;
				GCC_C_LANGUAGE_STANDARD = gnu11;
				GCC_NO_COMMON_BLOCKS = YES;
				GCC_WARN_64_TO_32_BIT_CONVERSION = YES;
				GCC_WARN_ABOUT_RETURN_TYPE = YES_ERROR;
				GCC_WARN_UNDECLARED_SELECTOR = YES;
				GCC_WARN_UNINITIALIZED_AUTOS = YES_AGGRESSIVE;
				GCC_WARN_UNUSED_FUNCTION = YES;
				GCC_WARN_UNUSED_VARIABLE = YES;
				IPHONEOS_DEPLOYMENT_TARGET = 11.1;
				MTL_ENABLE_DEBUG_INFO = NO;
				SDKROOT = iphoneos;
				SWIFT_OPTIMIZATION_LEVEL = "-Owholemodule";
				VALIDATE_PRODUCT = YES;
			};
			name = Release;
		};
		46F223CC1FE9966000EF83AB /* Debug */ = {
			isa = XCBuildConfiguration;
			buildSettings = {
				ASSETCATALOG_COMPILER_APPICON_NAME = AppIcon;
				CODE_SIGN_STYLE = Automatic;
				INFOPLIST_FILE = unit2remake/Info.plist;
				LD_RUNPATH_SEARCH_PATHS = "$(inherited) @executable_path/Frameworks";
				PRODUCT_BUNDLE_IDENTIFIER = com.drob.xcode.unit2remake;
				PRODUCT_NAME = "$(TARGET_NAME)";
				SWIFT_VERSION = 4.0;
				TARGETED_DEVICE_FAMILY = "1,2";
			};
			name = Debug;
		};
		46F223CD1FE9966000EF83AB /* Release */ = {
			isa = XCBuildConfiguration;
			buildSettings = {
				ASSETCATALOG_COMPILER_APPICON_NAME = AppIcon;
				CODE_SIGN_STYLE = Automatic;
				INFOPLIST_FILE = unit2remake/Info.plist;
				LD_RUNPATH_SEARCH_PATHS = "$(inherited) @executable_path/Frameworks";
				PRODUCT_BUNDLE_IDENTIFIER = com.drob.xcode.unit2remake;
				PRODUCT_NAME = "$(TARGET_NAME)";
				SWIFT_VERSION = 4.0;
				TARGETED_DEVICE_FAMILY = "1,2";
			};
			name = Release;
		};
/* End XCBuildConfiguration section */

/* Begin XCConfigurationList section */
		46F223B41FE9966000EF83AB /* Build configuration list for PBXProject "unit2remake" */ = {
			isa = XCConfigurationList;
			buildConfigurations = (
				46F223C91FE9966000EF83AB /* Debug */,
				46F223CA1FE9966000EF83AB /* Release */,
			);
			defaultConfigurationIsVisible = 0;
			defaultConfigurationName = Release;
		};
		46F223CB1FE9966000EF83AB /* Build configuration list for PBXNativeTarget "unit2remake" */ = {
			isa = XCConfigurationList;
			buildConfigurations = (
				46F223CC1FE9966000EF83AB /* Debug */,
				46F223CD1FE9966000EF83AB /* Release */,
			);
			defaultConfigurationIsVisible = 0;
			defaultConfigurationName = Release;
		};
/* End XCConfigurationList section */
	};
	rootObject = 46F223B11FE9966000EF83AB /* Project object */;
}
